
Microsoft Visual Studio Solution File, Format Version 12.00
# Visual Studio Version 17
VisualStudioVersion = 17.13.35931.197
MinimumVisualStudioVersion = 10.0.40219.1
Project("{FAE04EC0-301F-11D3-BF4B-00C04F79EFBC}") = "WindowsTool", "WindowsTool\WindowsTool.csproj", "{1440B82E-3938-47FC-9DB2-40FBDF827186}"
EndProject
Project("{FAE04EC0-301F-11D3-BF4B-00C04F79EFBC}") = "Test", "Test\Test.csproj", "{2B652380-0721-4E48-A5F6-1445C90B924B}"
EndProject
Project("{FAE04EC0-301F-11D3-BF4B-00C04F79EFBC}") = "UITest", "UITest\UITest.csproj", "{306EDDA9-F62B-471C-8BF1-886A57FB25DF}"
EndProject
Project("{FAE04EC0-301F-11D3-BF4B-00C04F79EFBC}") = "UITest2", "UITest2\UITest2.csproj", "{5A81AE39-B1CF-4A41-8E84-C938FD7397AF}"
EndProject
Project("{FAE04EC0-301F-11D3-BF4B-00C04F79EFBC}") = "Test2", "Test2\Test2.csproj", "{3F004AD3-1C1B-4815-B55C-924BFA2B9692}"
EndProject
Global
	GlobalSection(SolutionConfigurationPlatforms) = preSolution
		Debug|Any CPU = Debug|Any CPU
		Release|Any CPU = Release|Any CPU
	EndGlobalSection
	GlobalSection(ProjectConfigurationPlatforms) = postSolution
		{1440B82E-3938-47FC-9DB2-40FBDF827186}.Debug|Any CPU.ActiveCfg = Debug|Any CPU
		{1440B82E-3938-47FC-9DB2-40FBDF827186}.Debug|Any CPU.Build.0 = Debug|Any CPU
		{1440B82E-3938-47FC-9DB2-40FBDF827186}.Release|Any CPU.ActiveCfg = Release|Any CPU
		{1440B82E-3938-47FC-9DB2-40FBDF827186}.Release|Any CPU.Build.0 = Release|Any CPU
		{2B652380-0721-4E48-A5F6-1445C90B924B}.Debug|Any CPU.ActiveCfg = Debug|Any CPU
		{2B652380-0721-4E48-A5F6-1445C90B924B}.Debug|Any CPU.Build.0 = Debug|Any CPU
		{2B652380-0721-4E48-A5F6-1445C90B924B}.Release|Any CPU.ActiveCfg = Release|Any CPU
		{2B652380-0721-4E48-A5F6-1445C90B924B}.Release|Any CPU.Build.0 = Release|Any CPU
		{306EDDA9-F62B-471C-8BF1-886A57FB25DF}.Debug|Any CPU.ActiveCfg = Debug|Any CPU
		{306EDDA9-F62B-471C-8BF1-886A57FB25DF}.Debug|Any CPU.Build.0 = Debug|Any CPU
		{306EDDA9-F62B-471C-8BF1-886A57FB25DF}.Release|Any CPU.ActiveCfg = Release|Any CPU
		{306EDDA9-F62B-471C-8BF1-886A57FB25DF}.Release|Any CPU.Build.0 = Release|Any CPU
		{5A81AE39-B1CF-4A41-8E84-C938FD7397AF}.Debug|Any CPU.ActiveCfg = Debug|Any CPU
		{5A81AE39-B1CF-4A41-8E84-C938FD7397AF}.Debug|Any CPU.Build.0 = Debug|Any CPU
		{5A81AE39-B1CF-4A41-8E84-C938FD7397AF}.Release|Any CPU.ActiveCfg = Release|Any CPU
		{5A81AE39-B1CF-4A41-8E84-C938FD7397AF}.Release|Any CPU.Build.0 = Release|Any CPU
		{3F004AD3-1C1B-4815-B55C-924BFA2B9692}.Debug|Any CPU.ActiveCfg = Debug|Any CPU
		{3F004AD3-1C1B-4815-B55C-924BFA2B9692}.Debug|Any CPU.Build.0 = Debug|Any CPU
		{3F004AD3-1C1B-4815-B55C-924BFA2B9692}.Release|Any CPU.ActiveCfg = Release|Any CPU
		{3F004AD3-1C1B-4815-B55C-924BFA2B9692}.Release|Any CPU.Build.0 = Release|Any CPU
	EndGlobalSection
	GlobalSection(SolutionProperties) = preSolution
		HideSolutionNode = FALSE
	EndGlobalSection
	GlobalSection(ExtensibilityGlobals) = postSolution
		SolutionGuid = {8662F8AB-D1C6-4F7A-8801-BAA73E682616}
	EndGlobalSection
EndGlobal
